
Microsoft Visual Studio Solution File, Format Version 12.00
# Visual Studio 2013
VisualStudioVersion = 12.0.31101.0
MinimumVisualStudioVersion = 10.0.40219.1
Project("{8BC9CEB8-8B4A-11D0-8D11-00A0C91BC942}") = "CppUTest", "src\CppUTest\CppUTest.vcxproj", "{F468F539-27BD-468E-BE64-DDE641400B51}"
EndProject
Project("{8BC9CEB8-8B4A-11D0-8D11-00A0C91BC942}") = "CppUTestExt", "src\CppUTestExt\CppUTestExt.vcxproj", "{CCD13BCF-88A3-4C6C-8FFB-E72A7F63EFCD}"
EndProject
Project("{8BC9CEB8-8B4A-11D0-8D11-00A0C91BC942}") = "CppUTest.Test", "tests\CppUTest.Tests.vcxproj", "{913088F6-37C0-4195-80E9-548C7C5303CB}"
EndProject
Project("{8BC9CEB8-8B4A-11D0-8D11-00A0C91BC942}") = "CppUTestExt.Test", "tests\CppUTestExt\CppUTestExt.Tests.vcxproj", "{3233D4D4-4F00-4129-AFF1-FC81C3691CB4}"
EndProject
Global
	GlobalSection(SolutionConfigurationPlatforms) = preSolution
		Debug|Win32 = Debug|Win32
		Release|Win32 = Release|Win32
	EndGlobalSection
	GlobalSection(ProjectConfigurationPlatforms) = postSolution
		{F468F539-27BD-468E-BE64-DDE641400B51}.Debug|Win32.ActiveCfg = Debug|Win32
		{F468F539-27BD-468E-BE64-DDE641400B51}.Debug|Win32.Build.0 = Debug|Win32
		{F468F539-27BD-468E-BE64-DDE641400B51}.Release|Win32.ActiveCfg = Release|Win32
		{F468F539-27BD-468E-BE64-DDE641400B51}.Release|Win32.Build.0 = Release|Win32
		{CCD13BCF-88A3-4C6C-8FFB-E72A7F63EFCD}.Debug|Win32.ActiveCfg = Debug|Win32
		{CCD13BCF-88A3-4C6C-8FFB-E72A7F63EFCD}.Debug|Win32.Build.0 = Debug|Win32
		{CCD13BCF-88A3-4C6C-8FFB-E72A7F63EFCD}.Release|Win32.ActiveCfg = Release|Win32
		{CCD13BCF-88A3-4C6C-8FFB-E72A7F63EFCD}.Release|Win32.Build.0 = Release|Win32
		{913088F6-37C0-4195-80E9-548C7C5303CB}.Debug|Win32.ActiveCfg = Debug|Win32
		{913088F6-37C0-4195-80E9-548C7C5303CB}.Debug|Win32.Build.0 = Debug|Win32
		{913088F6-37C0-4195-80E9-548C7C5303CB}.Release|Win32.ActiveCfg = Release|Win32
		{913088F6-37C0-4195-80E9-548C7C5303CB}.Release|Win32.Build.0 = Release|Win32
		{3233D4D4-4F00-4129-AFF1-FC81C3691CB4}.Debug|Win32.ActiveCfg = Debug|Win32
		{3233D4D4-4F00-4129-AFF1-FC81C3691CB4}.Debug|Win32.Build.0 = Debug|Win32
		{3233D4D4-4F00-4129-AFF1-FC81C3691CB4}.Release|Win32.ActiveCfg = Release|Win32
		{3233D4D4-4F00-4129-AFF1-FC81C3691CB4}.Release|Win32.Build.0 = Release|Win32
	EndGlobalSection
	GlobalSection(SolutionProperties) = preSolution
		HideSolutionNode = FALSE
	EndGlobalSection
EndGlobal
