<?xml version="1.0" encoding="utf-8"?>
<Project ToolsVersion="4.0" xmlns="http://schemas.microsoft.com/developer/msbuild/2003">
  <ItemGroup>
    <ClCompile Include="CodeMemoryReportFormatter.cpp">
      <Filter>Source Files</Filter>
    </ClCompile>
    <ClCompile Include="MemoryReportAllocator.cpp">
      <Filter>Source Files</Filter>
    </ClCompile>
    <ClCompile Include="MemoryReporterPlugin.cpp">
      <Filter>Source Files</Filter>
    </ClCompile>
    <ClCompile Include="MemoryReportFormatter.cpp">
      <Filter>Source Files</Filter>
    </ClCompile>
    <ClCompile Include="MockActualCall.cpp">
      <Filter>Source Files</Filter>
    </ClCompile>
    <ClCompile Include="MockExpectedCall.cpp">
      <Filter>Source Files</Filter>
    </ClCompile>
    <ClCompile Include="MockExpectedCallsList.cpp">
      <Filter>Source Files</Filter>
    </ClCompile>
    <ClCompile Include="MockFailure.cpp">
      <Filter>Source Files</Filter>
    </ClCompile>
    <ClCompile Include="MockNamedValue.cpp">
      <Filter>Source Files</Filter>
    </ClCompile>
    <ClCompile Include="MockSupport.cpp">
      <Filter>Source Files</Filter>
    </ClCompile>
    <ClCompile Include="MockSupport_c.cpp">
      <Filter>Source Files</Filter>
    </ClCompile>
    <ClCompile Include="MockSupportPlugin.cpp">
      <Filter>Source Files</Filter>
    </ClCompile>
    <ClCompile Include="OrderedTest.cpp">
      <Filter>Source Files</Filter>
    </ClCompile>
  </ItemGroup>
  <ItemGroup>
    <ClInclude Include="..\..\include\CppUTestExt\CodeMemoryReportFormatter.h">
      <Filter>Header Files</Filter>
    </ClInclude>
    <ClInclude Include="..\..\include\CppUTestExt\GMock.h">
      <Filter>Header Files</Filter>
    </ClInclude>
    <ClInclude Include="..\..\include\CppUTestExt\GTestConvertor.h">
      <Filter>Header Files</Filter>
    </ClInclude>
    <ClInclude Include="..\..\include\CppUTestExt\MemoryReportAllocator.h">
      <Filter>Header Files</Filter>
    </ClInclude>
    <ClInclude Include="..\..\include\CppUTestExt\MemoryReporterPlugin.h">
      <Filter>Header Files</Filter>
    </ClInclude>
    <ClInclude Include="..\..\include\CppUTestExt\MemoryReportFormatter.h">
      <Filter>Header Files</Filter>
    </ClInclude>
    <ClInclude Include="..\..\include\CppUTestExt\MockCheckedActualCall.h">
      <Filter>Header Files</Filter>
    </ClInclude>
    <ClInclude Include="..\..\include\CppUTestExt\MockCheckedExpectedCall.h">
      <Filter>Header Files</Filter>
    </ClInclude>
    <ClInclude Include="..\..\include\CppUTestExt\MockExpectedCallsList.h">
      <Filter>Header Files</Filter>
    </ClInclude>
    <ClInclude Include="..\..\include\CppUTestExt\MockFailure.h">
      <Filter>Header Files</Filter>
    </ClInclude>
    <ClInclude Include="..\..\include\CppUTestExt\MockNamedValue.h">
      <Filter>Header Files</Filter>
    </ClInclude>
    <ClInclude Include="..\..\include\CppUTestExt\MockSupport.h">
      <Filter>Header Files</Filter>
    </ClInclude>
    <ClInclude Include="..\..\include\CppUTestExt\MockSupport_c.h">
      <Filter>Header Files</Filter>
    </ClInclude>
    <ClInclude Include="..\..\include\CppUTestExt\MockSupportPlugin.h">
      <Filter>Header Files</Filter>
    </ClInclude>
    <ClInclude Include="..\..\include\CppUTestExt\OrderedTest.h">
      <Filter>Header Files</Filter>
    </ClInclude>
  </ItemGroup>
  <ItemGroup>
    <Filter Include="Source Files">
      <UniqueIdentifier>{766fb4e0-6dbb-4f4b-80e0-d3a1d3c5cbda}</UniqueIdentifier>
    </Filter>
    <Filter Include="Header Files">
      <UniqueIdentifier>{abee1f95-8a97-4e19-8b57-2129c573dbb7}</UniqueIdentifier>
    </Filter>
  </ItemGroup>
</Project>